
Microsoft Visual Studio Solution File, Format Version 11.00
# Visual C# Express 2010
Project("{FAE04EC0-301F-11D3-BF4B-00C04F79EFBC}") = "a20140511", "a20140511\a20140511.csproj", "{96E811C7-ABDE-4AC5-8FED-51D4762AB8D8}"
EndProject
Global
	GlobalSection(SolutionConfigurationPlatforms) = preSolution
		Debug|x86 = Debug|x86
		Release|x86 = Release|x86
	EndGlobalSection
	GlobalSection(ProjectConfigurationPlatforms) = postSolution
		{96E811C7-ABDE-4AC5-8FED-51D4762AB8D8}.Debug|x86.ActiveCfg = Debug|x86
		{96E811C7-ABDE-4AC5-8FED-51D4762AB8D8}.Debug|x86.Build.0 = Debug|x86
		{96E811C7-ABDE-4AC5-8FED-51D4762AB8D8}.Release|x86.ActiveCfg = Release|x86
		{96E811C7-ABDE-4AC5-8FED-51D4762AB8D8}.Release|x86.Build.0 = Release|x86
	EndGlobalSection
	GlobalSection(SolutionProperties) = preSolution
		HideSolutionNode = FALSE
	EndGlobalSection
EndGlobal
